// !$*UTF8*$!
{
	archiveVersion = 1;
	classes = {
	};
	objectVersion = 55;
	objects = {

/* Begin PBXBuildFile section */
		DF892DFB2921A07300455E15 /* AppDelegate.swift in Sources */ = {isa = PBXBuildFile; fileRef = DF892DFA2921A07300455E15 /* AppDelegate.swift */; };
		DF892DFD2921A07300455E15 /* SceneDelegate.swift in Sources */ = {isa = PBXBuildFile; fileRef = DF892DFC2921A07300455E15 /* SceneDelegate.swift */; };
		DF892DFF2921A07300455E15 /* ContainerViewController.swift in Sources */ = {isa = PBXBuildFile; fileRef = DF892DFE2921A07300455E15 /* ContainerViewController.swift */; };
		DF892E022921A07300455E15 /* Main.storyboard in Resources */ = {isa = PBXBuildFile; fileRef = DF892E002921A07300455E15 /* Main.storyboard */; };
		DF892E042921A07400455E15 /* Assets.xcassets in Resources */ = {isa = PBXBuildFile; fileRef = DF892E032921A07400455E15 /* Assets.xcassets */; };
		DF892E072921A07400455E15 /* LaunchScreen.storyboard in Resources */ = {isa = PBXBuildFile; fileRef = DF892E052921A07400455E15 /* LaunchScreen.storyboard */; };
		DF892E102921A2A300455E15 /* PDFPageView.swift in Sources */ = {isa = PBXBuildFile; fileRef = DF892E0F2921A2A300455E15 /* PDFPageView.swift */; };
		DF892E122921A30100455E15 /* PageContentViewController.swift in Sources */ = {isa = PBXBuildFile; fileRef = DF892E112921A30100455E15 /* PageContentViewController.swift */; };
		DF892E1A2921C18B00455E15 /* Sample Document.pdf in Resources */ = {isa = PBXBuildFile; fileRef = DF892E192921C18B00455E15 /* Sample Document.pdf */; };
/* End PBXBuildFile section */

/* Begin PBXFileReference section */
		DF892DF72921A07300455E15 /* PDF Document Viewer.app */ = {isa = PBXFileReference; explicitFileType = wrapper.application; includeInIndex = 0; path = "PDF Document Viewer.app"; sourceTree = BUILT_PRODUCTS_DIR; };
		DF892DFA2921A07300455E15 /* AppDelegate.swift */ = {isa = PBXFileReference; lastKnownFileType = sourcecode.swift; path = AppDelegate.swift; sourceTree = "<group>"; };
		DF892DFC2921A07300455E15 /* SceneDelegate.swift */ = {isa = PBXFileReference; lastKnownFileType = sourcecode.swift; path = SceneDelegate.swift; sourceTree = "<group>"; };
		DF892DFE2921A07300455E15 /* ContainerViewController.swift */ = {isa = PBXFileReference; lastKnownFileType = sourcecode.swift; path = ContainerViewController.swift; sourceTree = "<group>"; };
		DF892E012921A07300455E15 /* Base */ = {isa = PBXFileReference; lastKnownFileType = file.storyboard; name = Base; path = Base.lproj/Main.storyboard; sourceTree = "<group>"; };
		DF892E032921A07400455E15 /* Assets.xcassets */ = {isa = PBXFileReference; lastKnownFileType = folder.assetcatalog; path = Assets.xcassets; sourceTree = "<group>"; };
		DF892E062921A07400455E15 /* Base */ = {isa = PBXFileReference; lastKnownFileType = file.storyboard; name = Base; path = Base.lproj/LaunchScreen.storyboard; sourceTree = "<group>"; };
		DF892E082921A07400455E15 /* Info.plist */ = {isa = PBXFileReference; lastKnownFileType = text.plist.xml; path = Info.plist; sourceTree = "<group>"; };
		DF892E0F2921A2A300455E15 /* PDFPageView.swift */ = {isa = PBXFileReference; lastKnownFileType = sourcecode.swift; path = PDFPageView.swift; sourceTree = "<group>"; };
		DF892E112921A30100455E15 /* PageContentViewController.swift */ = {isa = PBXFileReference; lastKnownFileType = sourcecode.swift; path = PageContentViewController.swift; sourceTree = "<group>"; };
		DF892E192921C18B00455E15 /* Sample Document.pdf */ = {isa = PBXFileReference; lastKnownFileType = image.pdf; path = "Sample Document.pdf"; sourceTree = "<group>"; };
/* End PBXFileReference section */

/* Begin PBXFrameworksBuildPhase section */
		DF892DF42921A07300455E15 /* Frameworks */ = {
			isa = PBXFrameworksBuildPhase;
			buildActionMask = 2147483647;
			files = (
			);
			runOnlyForDeploymentPostprocessing = 0;
		};
/* End PBXFrameworksBuildPhase section */

/* Begin PBXGroup section */
		DF892DEE2921A07300455E15 = {
			isa = PBXGroup;
			children = (
				DF892DF92921A07300455E15 /* PDF Document Viewer */,
				DF892DF82921A07300455E15 /* Products */,
			);
			sourceTree = "<group>";
		};
		DF892DF82921A07300455E15 /* Products */ = {
			isa = PBXGroup;
			children = (
				DF892DF72921A07300455E15 /* PDF Document Viewer.app */,
			);
			name = Products;
			sourceTree = "<group>";
		};
		DF892DF92921A07300455E15 /* PDF Document Viewer */ = {
			isa = PBXGroup;
			children = (
				DF892DFA2921A07300455E15 /* AppDelegate.swift */,
				DF892DFC2921A07300455E15 /* SceneDelegate.swift */,
				DF892DFE2921A07300455E15 /* ContainerViewController.swift */,
				DF892E112921A30100455E15 /* PageContentViewController.swift */,
				DF892E0F2921A2A300455E15 /* PDFPageView.swift */,
				DF892E002921A07300455E15 /* Main.storyboard */,
				DF892E032921A07400455E15 /* Assets.xcassets */,
				DF892E052921A07400455E15 /* LaunchScreen.storyboard */,
				DF892E082921A07400455E15 /* Info.plist */,
				DF892E192921C18B00455E15 /* Sample Document.pdf */,
			);
			path = "PDF Document Viewer";
			sourceTree = "<group>";
		};
/* End PBXGroup section */

/* Begin PBXNativeTarget section */
		DF892DF62921A07300455E15 /* PDF Document Viewer */ = {
			isa = PBXNativeTarget;
			buildConfigurationList = DF892E0B2921A07400455E15 /* Build configuration list for PBXNativeTarget "PDF Document Viewer" */;
			buildPhases = (
				DF892DF32921A07300455E15 /* Sources */,
				DF892DF42921A07300455E15 /* Frameworks */,
				DF892DF52921A07300455E15 /* Resources */,
			);
			buildRules = (
			);
			dependencies = (
			);
			name = "PDF Document Viewer";
			productName = "PDF Document Viewer";
			productReference = DF892DF72921A07300455E15 /* PDF Document Viewer.app */;
			productType = "com.apple.product-type.application";
		};
/* End PBXNativeTarget section */

/* Begin PBXProject section */
		DF892DEF2921A07300455E15 /* Project object */ = {
			isa = PBXProject;
			attributes = {
				BuildIndependentTargetsInParallel = 1;
				LastSwiftUpdateCheck = 1320;
				LastUpgradeCheck = 1320;
				TargetAttributes = {
					DF892DF62921A07300455E15 = {
						CreatedOnToolsVersion = 13.2.1;
					};
				};
			};
			buildConfigurationList = DF892DF22921A07300455E15 /* Build configuration list for PBXProject "PDF Document Viewer" */;
			compatibilityVersion = "Xcode 13.0";
			developmentRegion = en;
			hasScannedForEncodings = 0;
			knownRegions = (
				en,
				Base,
			);
			mainGroup = DF892DEE2921A07300455E15;
			productRefGroup = DF892DF82921A07300455E15 /* Products */;
			projectDirPath = "";
			projectRoot = "";
			targets = (
				DF892DF62921A07300455E15 /* PDF Document Viewer */,
			);
		};
/* End PBXProject section */

/* Begin PBXResourcesBuildPhase section */
		DF892DF52921A07300455E15 /* Resources */ = {
			isa = PBXResourcesBuildPhase;
			buildActionMask = 2147483647;
			files = (
				DF892E1A2921C18B00455E15 /* Sample Document.pdf in Resources */,
				DF892E072921A07400455E15 /* LaunchScreen.storyboard in Resources */,
				DF892E042921A07400455E15 /* Assets.xcassets in Resources */,
				DF892E022921A07300455E15 /* Main.storyboard in Resources */,
			);
			runOnlyForDeploymentPostprocessing = 0;
		};
/* End PBXResourcesBuildPhase section */

/* Begin PBXSourcesBuildPhase section */
		DF892DF32921A07300455E15 /* Sources */ = {
			isa = PBXSourcesBuildPhase;
			buildActionMask = 2147483647;
			files = (
				DF892DFF2921A07300455E15 /* ContainerViewController.swift in Sources */,
				DF892DFB2921A07300455E15 /* AppDelegate.swift in Sources */,
				DF892E122921A30100455E15 /* PageContentViewController.swift in Sources */,
				DF892E102921A2A300455E15 /* PDFPageView.swift in Sources */,
				DF892DFD2921A07300455E15 /* SceneDelegate.swift in Sources */,
			);
			runOnlyForDeploymentPostprocessing = 0;
		};
/* End PBXSourcesBuildPhase section */

/* Begin PBXVariantGroup section */
		DF892E002921A07300455E15 /* Main.storyboard */ = {
			isa = PBXVariantGroup;
			children = (
				DF892E012921A07300455E15 /* Base */,
			);
			name = Main.storyboard;
			sourceTree = "<group>";
		};
		DF892E052921A07400455E15 /* LaunchScreen.storyboard */ = {
			isa = PBXVariantGroup;
			children = (
				DF892E062921A07400455E15 /* Base */,
			);
			name = LaunchScreen.storyboard;
			sourceTree = "<group>";
		};
/* End PBXVariantGroup section */

/* Begin XCBuildConfiguration section */
		DF892E092921A07400455E15 /* Debug */ = {
			isa = XCBuildConfiguration;
			buildSettings = {
				ALWAYS_SEARCH_USER_PATHS = NO;
				CLANG_ANALYZER_NONNULL = YES;
				CLANG_ANALYZER_NUMBER_OBJECT_CONVERSION = YES_AGGRESSIVE;
				CLANG_CXX_LANGUAGE_STANDARD = "gnu++17";
				CLANG_CXX_LIBRARY = "libc++";
				CLANG_ENABLE_MODULES = YES;
				CLANG_ENABLE_OBJC_ARC = YES;
				CLANG_ENABLE_OBJC_WEAK = YES;
				CLANG_WARN_BLOCK_CAPTURE_AUTORELEASING = YES;
				CLANG_WARN_BOOL_CONVERSION = YES;
				CLANG_WARN_COMMA = YES;
				CLANG_WARN_CONSTANT_CONVERSION = YES;
				CLANG_WARN_DEPRECATED_OBJC_IMPLEMENTATIONS = YES;
				CLANG_WARN_DIRECT_OBJC_ISA_USAGE = YES_ERROR;
				CLANG_WARN_DOCUMENTATION_COMMENTS = YES;
				CLANG_WARN_EMPTY_BODY = YES;
				CLANG_WARN_ENUM_CONVERSION = YES;
				CLANG_WARN_INFINITE_RECURSION = YES;
				CLANG_WARN_INT_CONVERSION = YES;
				CLANG_WARN_NON_LITERAL_NULL_CONVERSION = YES;
				CLANG_WARN_OBJC_IMPLICIT_RETAIN_SELF = YES;
				CLANG_WARN_OBJC_LITERAL_CONVERSION = YES;
				CLANG_WARN_OBJC_ROOT_CLASS = YES_ERROR;
				CLANG_WARN_QUOTED_INCLUDE_IN_FRAMEWORK_HEADER = YES;
				CLANG_WARN_RANGE_LOOP_ANALYSIS = YES;
				CLANG_WARN_STRICT_PROTOTYPES = YES;
				CLANG_WARN_SUSPICIOUS_MOVE = YES;
				CLANG_WARN_UNGUARDED_AVAILABILITY = YES_AGGRESSIVE;
				CLANG_WARN_UNREACHABLE_CODE = YES;
				CLANG_WARN__DUPLICATE_METHOD_MATCH = YES;
				COPY_PHASE_STRIP = NO;
				DEBUG_INFORMATION_FORMAT = dwarf;
				ENABLE_STRICT_OBJC_MSGSEND = YES;
				ENABLE_TESTABILITY = YES;
				GCC_C_LANGUAGE_STANDARD = gnu11;
				GCC_DYNAMIC_NO_PIC = NO;
				GCC_NO_COMMON_BLOCKS = YES;
				GCC_OPTIMIZATION_LEVEL = 0;
				GCC_PREPROCESSOR_DEFINITIONS = (
					"DEBUG=1",
					"$(inherited)",
				);
				GCC_WARN_64_TO_32_BIT_CONVERSION = YES;
				GCC_WARN_ABOUT_RETURN_TYPE = YES_ERROR;
				GCC_WARN_UNDECLARED_SELECTOR = YES;
				GCC_WARN_UNINITIALIZED_AUTOS = YES_AGGRESSIVE;
				GCC_WARN_UNUSED_FUNCTION = YES;
				GCC_WARN_UNUSED_VARIABLE = YES;
				IPHONEOS_DEPLOYMENT_TARGET = 15.2;
				MTL_ENABLE_DEBUG_INFO = INCLUDE_SOURCE;
				MTL_FAST_MATH = YES;
				ONLY_ACTIVE_ARCH = YES;
				SDKROOT = iphoneos;
				SWIFT_ACTIVE_COMPILATION_CONDITIONS = DEBUG;
				SWIFT_OPTIMIZATION_LEVEL = "-Onone";
			};
			name = Debug;
		};
		DF892E0A2921A07400455E15 /* Release */ = {
			isa = XCBuildConfiguration;
			buildSettings = {
				ALWAYS_SEARCH_USER_PATHS = NO;
				CLANG_ANALYZER_NONNULL = YES;
				CLANG_ANALYZER_NUMBER_OBJECT_CONVERSION = YES_AGGRESSIVE;
				CLANG_CXX_LANGUAGE_STANDARD = "gnu++17";
				CLANG_CXX_LIBRARY = "libc++";
				CLANG_ENABLE_MODULES = YES;
				CLANG_ENABLE_OBJC_ARC = YES;
				CLANG_ENABLE_OBJC_WEAK = YES;
				CLANG_WARN_BLOCK_CAPTURE_AUTORELEASING = YES;
				CLANG_WARN_BOOL_CONVERSION = YES;
				CLANG_WARN_COMMA = YES;
				CLANG_WARN_CONSTANT_CONVERSION = YES;
				CLANG_WARN_DEPRECATED_OBJC_IMPLEMENTATIONS = YES;
				CLANG_WARN_DIRECT_OBJC_ISA_USAGE = YES_ERROR;
				CLANG_WARN_DOCUMENTATION_COMMENTS = YES;
				CLANG_WARN_EMPTY_BODY = YES;
				CLANG_WARN_ENUM_CONVERSION = YES;
				CLANG_WARN_INFINITE_RECURSION = YES;
				CLANG_WARN_INT_CONVERSION = YES;
				CLANG_WARN_NON_LITERAL_NULL_CONVERSION = YES;
				CLANG_WARN_OBJC_IMPLICIT_RETAIN_SELF = YES;
				CLANG_WARN_OBJC_LITERAL_CONVERSION = YES;
				CLANG_WARN_OBJC_ROOT_CLASS = YES_ERROR;
				CLANG_WARN_QUOTED_INCLUDE_IN_FRAMEWORK_HEADER = YES;
				CLANG_WARN_RANGE_LOOP_ANALYSIS = YES;
				CLANG_WARN_STRICT_PROTOTYPES = YES;
				CLANG_WARN_SUSPICIOUS_MOVE = YES;
				CLANG_WARN_UNGUARDED_AVAILABILITY = YES_AGGRESSIVE;
				CLANG_WARN_UNREACHABLE_CODE = YES;
				CLANG_WARN__DUPLICATE_METHOD_MATCH = YES;
				COPY_PHASE_STRIP = NO;
				DEBUG_INFORMATION_FORMAT = "dwarf-with-dsym";
				ENABLE_NS_ASSERTIONS = NO;
				ENABLE_STRICT_OBJC_MSGSEND = YES;
				GCC_C_LANGUAGE_STANDARD = gnu11;
				GCC_NO_COMMON_BLOCKS = YES;
				GCC_WARN_64_TO_32_BIT_CONVERSION = YES;
				GCC_WARN_ABOUT_RETURN_TYPE = YES_ERROR;
				GCC_WARN_UNDECLARED_SELECTOR = YES;
				GCC_WARN_UNINITIALIZED_AUTOS = YES_AGGRESSIVE;
				GCC_WARN_UNUSED_FUNCTION = YES;
				GCC_WARN_UNUSED_VARIABLE = YES;
				IPHONEOS_DEPLOYMENT_TARGET = 15.2;
				MTL_ENABLE_DEBUG_INFO = NO;
				MTL_FAST_MATH = YES;
				SDKROOT = iphoneos;
				SWIFT_COMPILATION_MODE = wholemodule;
				SWIFT_OPTIMIZATION_LEVEL = "-O";
				VALIDATE_PRODUCT = YES;
			};
			name = Release;
		};
		DF892E0C2921A07400455E15 /* Debug */ = {
			isa = XCBuildConfiguration;
			buildSettings = {
				ASSETCATALOG_COMPILER_APPICON_NAME = AppIcon;
				ASSETCATALOG_COMPILER_GLOBAL_ACCENT_COLOR_NAME = AccentColor;
				CODE_SIGN_STYLE = Automatic;
				CURRENT_PROJECT_VERSION = 1;
				GENERATE_INFOPLIST_FILE = YES;
				INFOPLIST_FILE = "PDF Document Viewer/Info.plist";
				INFOPLIST_KEY_NSHumanReadableCopyright = "© 2022 Stephen Lardieri";
				INFOPLIST_KEY_UIApplicationSupportsIndirectInputEvents = YES;
				INFOPLIST_KEY_UILaunchStoryboardName = LaunchScreen;
				INFOPLIST_KEY_UIMainStoryboardFile = Main;
				INFOPLIST_KEY_UISupportedInterfaceOrientations_iPad = "UIInterfaceOrientationPortrait UIInterfaceOrientationPortraitUpsideDown UIInterfaceOrientationLandscapeLeft UIInterfaceOrientationLandscapeRight";
				INFOPLIST_KEY_UISupportedInterfaceOrientations_iPhone = "UIInterfaceOrientationPortrait UIInterfaceOrientationLandscapeLeft UIInterfaceOrientationLandscapeRight";
				LD_RUNPATH_SEARCH_PATHS = (
					"$(inherited)",
					"@executable_path/Frameworks",
				);
				MARKETING_VERSION = 1.0;
				PRODUCT_BUNDLE_IDENTIFIER = "lardieri.PDF-Document-Viewer";
				PRODUCT_NAME = "$(TARGET_NAME)";
				SWIFT_EMIT_LOC_STRINGS = YES;
				SWIFT_VERSION = 5.0;
				TARGETED_DEVICE_FAMILY = "1,2";
			};
			name = Debug;
		};
		DF892E0D2921A07400455E15 /* Release */ = {
			isa = XCBuildConfiguration;
			buildSettings = {
				ASSETCATALOG_COMPILER_APPICON_NAME = AppIcon;
				ASSETCATALOG_COMPILER_GLOBAL_ACCENT_COLOR_NAME = AccentColor;
				CODE_SIGN_STYLE = Automatic;
				CURRENT_PROJECT_VERSION = 1;
				GENERATE_INFOPLIST_FILE = YES;
				INFOPLIST_FILE = "PDF Document Viewer/Info.plist";
				INFOPLIST_KEY_NSHumanReadableCopyright = "© 2022 Stephen Lardieri";
				INFOPLIST_KEY_UIApplicationSupportsIndirectInputEvents = YES;
				INFOPLIST_KEY_UILaunchStoryboardName = LaunchScreen;
				INFOPLIST_KEY_UIMainStoryboardFile = Main;
				INFOPLIST_KEY_UISupportedInterfaceOrientations_iPad = "UIInterfaceOrientationPortrait UIInterfaceOrientationPortraitUpsideDown UIInterfaceOrientationLandscapeLeft UIInterfaceOrientationLandscapeRight";
				INFOPLIST_KEY_UISupportedInterfaceOrientations_iPhone = "UIInterfaceOrientationPortrait UIInterfaceOrientationLandscapeLeft UIInterfaceOrientationLandscapeRight";
				LD_RUNPATH_SEARCH_PATHS = (
					"$(inherited)",
					"@executable_path/Frameworks",
				);
				MARKETING_VERSION = 1.0;
				PRODUCT_BUNDLE_IDENTIFIER = "lardieri.PDF-Document-Viewer";
				PRODUCT_NAME = "$(TARGET_NAME)";
				SWIFT_EMIT_LOC_STRINGS = YES;
				SWIFT_VERSION = 5.0;
				TARGETED_DEVICE_FAMILY = "1,2";
			};
			name = Release;
		};
/* End XCBuildConfiguration section */

/* Begin XCConfigurationList section */
		DF892DF22921A07300455E15 /* Build configuration list for PBXProject "PDF Document Viewer" */ = {
			isa = XCConfigurationList;
			buildConfigurations = (
				DF892E092921A07400455E15 /* Debug */,
				DF892E0A2921A07400455E15 /* Release */,
			);
			defaultConfigurationIsVisible = 0;
			defaultConfigurationName = Release;
		};
		DF892E0B2921A07400455E15 /* Build configuration list for PBXNativeTarget "PDF Document Viewer" */ = {
			isa = XCConfigurationList;
			buildConfigurations = (
				DF892E0C2921A07400455E15 /* Debug */,
				DF892E0D2921A07400455E15 /* Release */,
			);
			defaultConfigurationIsVisible = 0;
			defaultConfigurationName = Release;
		};
/* End XCConfigurationList section */
	};
	rootObject = DF892DEF2921A07300455E15 /* Project object */;
}
